
Microsoft Visual Studio Solution File, Format Version 12.00
Project("{FAE04EC0-301F-11D3-BF4B-00C04F79EFBC}") = "SNUS_klk1_IndustrialProcessingSystem", "SNUS_klk1_IndustrialProcessingSystem\SNUS_klk1_IndustrialProcessingSystem.csproj", "{28FC9325-0AB5-4F46-A22B-B8EA70231E40}"
EndProject
Global
	GlobalSection(SolutionConfigurationPlatforms) = preSolution
		Debug|Any CPU = Debug|Any CPU
		Release|Any CPU = Release|Any CPU
	EndGlobalSection
	GlobalSection(ProjectConfigurationPlatforms) = postSolution
		{28FC9325-0AB5-4F46-A22B-B8EA70231E40}.Debug|Any CPU.ActiveCfg = Debug|Any CPU
		{28FC9325-0AB5-4F46-A22B-B8EA70231E40}.Debug|Any CPU.Build.0 = Debug|Any CPU
		{28FC9325-0AB5-4F46-A22B-B8EA70231E40}.Release|Any CPU.ActiveCfg = Release|Any CPU
		{28FC9325-0AB5-4F46-A22B-B8EA70231E40}.Release|Any CPU.Build.0 = Release|Any CPU
	EndGlobalSection
EndGlobal
